
Microsoft Visual Studio Solution File, Format Version 12.00
# Visual Studio 15
VisualStudioVersion = 15.0.27703.2042
MinimumVisualStudioVersion = 10.0.40219.1
Project("{9A19103F-16F7-4668-BE54-9A1E7A4F7556}") = "SchoolSystem", "SchoolSystem\SchoolSystem.csproj", "{ABD4B813-72B0-46B9-889C-A18C5DC20D19}"
EndProject
Project("{FAE04EC0-301F-11D3-BF4B-00C04F79EFBC}") = "Repositories", "Repositories\Repositories.csproj", "{FFF8EAFC-08E6-443C-BD5C-651CC2D43166}"
EndProject
Project("{FAE04EC0-301F-11D3-BF4B-00C04F79EFBC}") = "DataDomain", "DataDomain\DataDomain.csproj", "{D9724EDD-F36A-4667-A318-D9E569C76E3B}"
EndProject
Global
	GlobalSection(SolutionConfigurationPlatforms) = preSolution
		Debug|Any CPU = Debug|Any CPU
		Release|Any CPU = Release|Any CPU
	EndGlobalSection
	GlobalSection(ProjectConfigurationPlatforms) = postSolution
		{ABD4B813-72B0-46B9-889C-A18C5DC20D19}.Debug|Any CPU.ActiveCfg = Debug|Any CPU
		{ABD4B813-72B0-46B9-889C-A18C5DC20D19}.Debug|Any CPU.Build.0 = Debug|Any CPU
		{ABD4B813-72B0-46B9-889C-A18C5DC20D19}.Release|Any CPU.ActiveCfg = Release|Any CPU
		{ABD4B813-72B0-46B9-889C-A18C5DC20D19}.Release|Any CPU.Build.0 = Release|Any CPU
		{FFF8EAFC-08E6-443C-BD5C-651CC2D43166}.Debug|Any CPU.ActiveCfg = Debug|Any CPU
		{FFF8EAFC-08E6-443C-BD5C-651CC2D43166}.Debug|Any CPU.Build.0 = Debug|Any CPU
		{FFF8EAFC-08E6-443C-BD5C-651CC2D43166}.Release|Any CPU.ActiveCfg = Release|Any CPU
		{FFF8EAFC-08E6-443C-BD5C-651CC2D43166}.Release|Any CPU.Build.0 = Release|Any CPU
		{D9724EDD-F36A-4667-A318-D9E569C76E3B}.Debug|Any CPU.ActiveCfg = Debug|Any CPU
		{D9724EDD-F36A-4667-A318-D9E569C76E3B}.Debug|Any CPU.Build.0 = Debug|Any CPU
		{D9724EDD-F36A-4667-A318-D9E569C76E3B}.Release|Any CPU.ActiveCfg = Release|Any CPU
		{D9724EDD-F36A-4667-A318-D9E569C76E3B}.Release|Any CPU.Build.0 = Release|Any CPU
	EndGlobalSection
	GlobalSection(SolutionProperties) = preSolution
		HideSolutionNode = FALSE
	EndGlobalSection
	GlobalSection(ExtensibilityGlobals) = postSolution
		SolutionGuid = {0707C821-CC1C-4D69-A79F-3AB40D5248AE}
	EndGlobalSection
EndGlobal
